
Microsoft Visual Studio Solution File, Format Version 12.00
# Visual Studio 2013
VisualStudioVersion = 12.0.30501.0
MinimumVisualStudioVersion = 10.0.40219.1
Project("{FAE04EC0-301F-11D3-BF4B-00C04F79EFBC}") = "PerentWindow", "PerentWindow\PerentWindow.csproj", "{10AB5960-7815-4B2F-B495-C69F81D3156E}"
EndProject
Project("{FAE04EC0-301F-11D3-BF4B-00C04F79EFBC}") = "Controls", "Controls\Controls.csproj", "{744AEDF8-06C8-4573-8FA4-135E5160354A}"
EndProject
Project("{FAE04EC0-301F-11D3-BF4B-00C04F79EFBC}") = "ChildWindow", "ChidWindow\ChildWindow.csproj", "{5E13FEDF-C798-49A4-A12E-AB4B7065338F}"
EndProject
Global
	GlobalSection(SolutionConfigurationPlatforms) = preSolution
		Debug|Any CPU = Debug|Any CPU
		Release|Any CPU = Release|Any CPU
	EndGlobalSection
	GlobalSection(ProjectConfigurationPlatforms) = postSolution
		{10AB5960-7815-4B2F-B495-C69F81D3156E}.Debug|Any CPU.ActiveCfg = Debug|Any CPU
		{10AB5960-7815-4B2F-B495-C69F81D3156E}.Debug|Any CPU.Build.0 = Debug|Any CPU
		{10AB5960-7815-4B2F-B495-C69F81D3156E}.Release|Any CPU.ActiveCfg = Release|Any CPU
		{10AB5960-7815-4B2F-B495-C69F81D3156E}.Release|Any CPU.Build.0 = Release|Any CPU
		{744AEDF8-06C8-4573-8FA4-135E5160354A}.Debug|Any CPU.ActiveCfg = Debug|Any CPU
		{744AEDF8-06C8-4573-8FA4-135E5160354A}.Debug|Any CPU.Build.0 = Debug|Any CPU
		{744AEDF8-06C8-4573-8FA4-135E5160354A}.Release|Any CPU.ActiveCfg = Release|Any CPU
		{744AEDF8-06C8-4573-8FA4-135E5160354A}.Release|Any CPU.Build.0 = Release|Any CPU
		{5E13FEDF-C798-49A4-A12E-AB4B7065338F}.Debug|Any CPU.ActiveCfg = Debug|Any CPU
		{5E13FEDF-C798-49A4-A12E-AB4B7065338F}.Debug|Any CPU.Build.0 = Debug|Any CPU
		{5E13FEDF-C798-49A4-A12E-AB4B7065338F}.Release|Any CPU.ActiveCfg = Release|Any CPU
		{5E13FEDF-C798-49A4-A12E-AB4B7065338F}.Release|Any CPU.Build.0 = Release|Any CPU
	EndGlobalSection
	GlobalSection(SolutionProperties) = preSolution
		HideSolutionNode = FALSE
	EndGlobalSection
EndGlobal
